// !$*UTF8*$!
{
	archiveVersion = 1;
	classes = {
	};
	objectVersion = 50;
	objects = {

/* Begin PBXBuildFile section */
		EDEE16CA24402151007A4BB2 /* AppDelegate.swift in Sources */ = {isa = PBXBuildFile; fileRef = EDEE16C924402151007A4BB2 /* AppDelegate.swift */; };
		EDEE16CC24402151007A4BB2 /* SceneDelegate.swift in Sources */ = {isa = PBXBuildFile; fileRef = EDEE16CB24402151007A4BB2 /* SceneDelegate.swift */; };
		EDEE16CE24402151007A4BB2 /* ViewController.swift in Sources */ = {isa = PBXBuildFile; fileRef = EDEE16CD24402151007A4BB2 /* ViewController.swift */; };
		EDEE16D124402151007A4BB2 /* Main.storyboard in Resources */ = {isa = PBXBuildFile; fileRef = EDEE16CF24402151007A4BB2 /* Main.storyboard */; };
		EDEE16D324402152007A4BB2 /* Assets.xcassets in Resources */ = {isa = PBXBuildFile; fileRef = EDEE16D224402152007A4BB2 /* Assets.xcassets */; };
		EDEE16D624402152007A4BB2 /* LaunchScreen.storyboard in Resources */ = {isa = PBXBuildFile; fileRef = EDEE16D424402152007A4BB2 /* LaunchScreen.storyboard */; };
		EDEE16DE2440217F007A4BB2 /* TouchableView.swift in Sources */ = {isa = PBXBuildFile; fileRef = EDEE16DD2440217F007A4BB2 /* TouchableView.swift */; };
/* End PBXBuildFile section */

/* Begin PBXFileReference section */
		EDEE16C624402151007A4BB2 /* MultitouchDemo.app */ = {isa = PBXFileReference; explicitFileType = wrapper.application; includeInIndex = 0; path = MultitouchDemo.app; sourceTree = BUILT_PRODUCTS_DIR; };
		EDEE16C924402151007A4BB2 /* AppDelegate.swift */ = {isa = PBXFileReference; lastKnownFileType = sourcecode.swift; path = AppDelegate.swift; sourceTree = "<group>"; };
		EDEE16CB24402151007A4BB2 /* SceneDelegate.swift */ = {isa = PBXFileReference; lastKnownFileType = sourcecode.swift; path = SceneDelegate.swift; sourceTree = "<group>"; };
		EDEE16CD24402151007A4BB2 /* ViewController.swift */ = {isa = PBXFileReference; lastKnownFileType = sourcecode.swift; path = ViewController.swift; sourceTree = "<group>"; };
		EDEE16D024402151007A4BB2 /* Base */ = {isa = PBXFileReference; lastKnownFileType = file.storyboard; name = Base; path = Base.lproj/Main.storyboard; sourceTree = "<group>"; };
		EDEE16D224402152007A4BB2 /* Assets.xcassets */ = {isa = PBXFileReference; lastKnownFileType = folder.assetcatalog; path = Assets.xcassets; sourceTree = "<group>"; };
		EDEE16D524402152007A4BB2 /* Base */ = {isa = PBXFileReference; lastKnownFileType = file.storyboard; name = Base; path = Base.lproj/LaunchScreen.storyboard; sourceTree = "<group>"; };
		EDEE16D724402152007A4BB2 /* Info.plist */ = {isa = PBXFileReference; lastKnownFileType = text.plist.xml; path = Info.plist; sourceTree = "<group>"; };
		EDEE16DD2440217F007A4BB2 /* TouchableView.swift */ = {isa = PBXFileReference; lastKnownFileType = sourcecode.swift; path = TouchableView.swift; sourceTree = "<group>"; };
/* End PBXFileReference section */

/* Begin PBXFrameworksBuildPhase section */
		EDEE16C324402151007A4BB2 /* Frameworks */ = {
			isa = PBXFrameworksBuildPhase;
			buildActionMask = 2147483647;
			files = (
			);
			runOnlyForDeploymentPostprocessing = 0;
		};
/* End PBXFrameworksBuildPhase section */

/* Begin PBXGroup section */
		EDEE16BD24402151007A4BB2 = {
			isa = PBXGroup;
			children = (
				EDEE16C824402151007A4BB2 /* MultitouchDemo */,
				EDEE16C724402151007A4BB2 /* Products */,
			);
			sourceTree = "<group>";
		};
		EDEE16C724402151007A4BB2 /* Products */ = {
			isa = PBXGroup;
			children = (
				EDEE16C624402151007A4BB2 /* MultitouchDemo.app */,
			);
			name = Products;
			sourceTree = "<group>";
		};
		EDEE16C824402151007A4BB2 /* MultitouchDemo */ = {
			isa = PBXGroup;
			children = (
				EDEE16C924402151007A4BB2 /* AppDelegate.swift */,
				EDEE16CB24402151007A4BB2 /* SceneDelegate.swift */,
				EDEE16CD24402151007A4BB2 /* ViewController.swift */,
				EDEE16DD2440217F007A4BB2 /* TouchableView.swift */,
				EDEE16CF24402151007A4BB2 /* Main.storyboard */,
				EDEE16D224402152007A4BB2 /* Assets.xcassets */,
				EDEE16D424402152007A4BB2 /* LaunchScreen.storyboard */,
				EDEE16D724402152007A4BB2 /* Info.plist */,
			);
			path = MultitouchDemo;
			sourceTree = "<group>";
		};
/* End PBXGroup section */

/* Begin PBXNativeTarget section */
		EDEE16C524402151007A4BB2 /* MultitouchDemo */ = {
			isa = PBXNativeTarget;
			buildConfigurationList = EDEE16DA24402152007A4BB2 /* Build configuration list for PBXNativeTarget "MultitouchDemo" */;
			buildPhases = (
				EDEE16C224402151007A4BB2 /* Sources */,
				EDEE16C324402151007A4BB2 /* Frameworks */,
				EDEE16C424402151007A4BB2 /* Resources */,
			);
			buildRules = (
			);
			dependencies = (
			);
			name = MultitouchDemo;
			productName = MultitouchDemo;
			productReference = EDEE16C624402151007A4BB2 /* MultitouchDemo.app */;
			productType = "com.apple.product-type.application";
		};
/* End PBXNativeTarget section */

/* Begin PBXProject section */
		EDEE16BE24402151007A4BB2 /* Project object */ = {
			isa = PBXProject;
			attributes = {
				LastSwiftUpdateCheck = 1130;
				LastUpgradeCheck = 1130;
				ORGANIZATIONNAME = Viget;
				TargetAttributes = {
					EDEE16C524402151007A4BB2 = {
						CreatedOnToolsVersion = 11.3.1;
					};
				};
			};
			buildConfigurationList = EDEE16C124402151007A4BB2 /* Build configuration list for PBXProject "MultitouchDemo" */;
			compatibilityVersion = "Xcode 9.3";
			developmentRegion = en;
			hasScannedForEncodings = 0;
			knownRegions = (
				en,
				Base,
			);
			mainGroup = EDEE16BD24402151007A4BB2;
			productRefGroup = EDEE16C724402151007A4BB2 /* Products */;
			projectDirPath = "";
			projectRoot = "";
			targets = (
				EDEE16C524402151007A4BB2 /* MultitouchDemo */,
			);
		};
/* End PBXProject section */

/* Begin PBXResourcesBuildPhase section */
		EDEE16C424402151007A4BB2 /* Resources */ = {
			isa = PBXResourcesBuildPhase;
			buildActionMask = 2147483647;
			files = (
				EDEE16D624402152007A4BB2 /* LaunchScreen.storyboard in Resources */,
				EDEE16D324402152007A4BB2 /* Assets.xcassets in Resources */,
				EDEE16D124402151007A4BB2 /* Main.storyboard in Resources */,
			);
			runOnlyForDeploymentPostprocessing = 0;
		};
/* End PBXResourcesBuildPhase section */

/* Begin PBXSourcesBuildPhase section */
		EDEE16C224402151007A4BB2 /* Sources */ = {
			isa = PBXSourcesBuildPhase;
			buildActionMask = 2147483647;
			files = (
				EDEE16DE2440217F007A4BB2 /* TouchableView.swift in Sources */,
				EDEE16CE24402151007A4BB2 /* ViewController.swift in Sources */,
				EDEE16CA24402151007A4BB2 /* AppDelegate.swift in Sources */,
				EDEE16CC24402151007A4BB2 /* SceneDelegate.swift in Sources */,
			);
			runOnlyForDeploymentPostprocessing = 0;
		};
/* End PBXSourcesBuildPhase section */

/* Begin PBXVariantGroup section */
		EDEE16CF24402151007A4BB2 /* Main.storyboard */ = {
			isa = PBXVariantGroup;
			children = (
				EDEE16D024402151007A4BB2 /* Base */,
			);
			name = Main.storyboard;
			sourceTree = "<group>";
		};
		EDEE16D424402152007A4BB2 /* LaunchScreen.storyboard */ = {
			isa = PBXVariantGroup;
			children = (
				EDEE16D524402152007A4BB2 /* Base */,
			);
			name = LaunchScreen.storyboard;
			sourceTree = "<group>";
		};
/* End PBXVariantGroup section */

/* Begin XCBuildConfiguration section */
		EDEE16D824402152007A4BB2 /* Debug */ = {
			isa = XCBuildConfiguration;
			buildSettings = {
				ALWAYS_SEARCH_USER_PATHS = NO;
				CLANG_ANALYZER_NONNULL = YES;
				CLANG_ANALYZER_NUMBER_OBJECT_CONVERSION = YES_AGGRESSIVE;
				CLANG_CXX_LANGUAGE_STANDARD = "gnu++14";
				CLANG_CXX_LIBRARY = "libc++";
				CLANG_ENABLE_MODULES = YES;
				CLANG_ENABLE_OBJC_ARC = YES;
				CLANG_ENABLE_OBJC_WEAK = YES;
				CLANG_WARN_BLOCK_CAPTURE_AUTORELEASING = YES;
				CLANG_WARN_BOOL_CONVERSION = YES;
				CLANG_WARN_COMMA = YES;
				CLANG_WARN_CONSTANT_CONVERSION = YES;
				CLANG_WARN_DEPRECATED_OBJC_IMPLEMENTATIONS = YES;
				CLANG_WARN_DIRECT_OBJC_ISA_USAGE = YES_ERROR;
				CLANG_WARN_DOCUMENTATION_COMMENTS = YES;
				CLANG_WARN_EMPTY_BODY = YES;
				CLANG_WARN_ENUM_CONVERSION = YES;
				CLANG_WARN_INFINITE_RECURSION = YES;
				CLANG_WARN_INT_CONVERSION = YES;
				CLANG_WARN_NON_LITERAL_NULL_CONVERSION = YES;
				CLANG_WARN_OBJC_IMPLICIT_RETAIN_SELF = YES;
				CLANG_WARN_OBJC_LITERAL_CONVERSION = YES;
				CLANG_WARN_OBJC_ROOT_CLASS = YES_ERROR;
				CLANG_WARN_RANGE_LOOP_ANALYSIS = YES;
				CLANG_WARN_STRICT_PROTOTYPES = YES;
				CLANG_WARN_SUSPICIOUS_MOVE = YES;
				CLANG_WARN_UNGUARDED_AVAILABILITY = YES_AGGRESSIVE;
				CLANG_WARN_UNREACHABLE_CODE = YES;
				CLANG_WARN__DUPLICATE_METHOD_MATCH = YES;
				COPY_PHASE_STRIP = NO;
				DEBUG_INFORMATION_FORMAT = dwarf;
				ENABLE_STRICT_OBJC_MSGSEND = YES;
				ENABLE_TESTABILITY = YES;
				GCC_C_LANGUAGE_STANDARD = gnu11;
				GCC_DYNAMIC_NO_PIC = NO;
				GCC_NO_COMMON_BLOCKS = YES;
				GCC_OPTIMIZATION_LEVEL = 0;
				GCC_PREPROCESSOR_DEFINITIONS = (
					"DEBUG=1",
					"$(inherited)",
				);
				GCC_WARN_64_TO_32_BIT_CONVERSION = YES;
				GCC_WARN_ABOUT_RETURN_TYPE = YES_ERROR;
				GCC_WARN_UNDECLARED_SELECTOR = YES;
				GCC_WARN_UNINITIALIZED_AUTOS = YES_AGGRESSIVE;
				GCC_WARN_UNUSED_FUNCTION = YES;
				GCC_WARN_UNUSED_VARIABLE = YES;
				IPHONEOS_DEPLOYMENT_TARGET = 13.2;
				MTL_ENABLE_DEBUG_INFO = INCLUDE_SOURCE;
				MTL_FAST_MATH = YES;
				ONLY_ACTIVE_ARCH = YES;
				SDKROOT = iphoneos;
				SWIFT_ACTIVE_COMPILATION_CONDITIONS = DEBUG;
				SWIFT_OPTIMIZATION_LEVEL = "-Onone";
			};
			name = Debug;
		};
		EDEE16D924402152007A4BB2 /* Release */ = {
			isa = XCBuildConfiguration;
			buildSettings = {
				ALWAYS_SEARCH_USER_PATHS = NO;
				CLANG_ANALYZER_NONNULL = YES;
				CLANG_ANALYZER_NUMBER_OBJECT_CONVERSION = YES_AGGRESSIVE;
				CLANG_CXX_LANGUAGE_STANDARD = "gnu++14";
				CLANG_CXX_LIBRARY = "libc++";
				CLANG_ENABLE_MODULES = YES;
				CLANG_ENABLE_OBJC_ARC = YES;
				CLANG_ENABLE_OBJC_WEAK = YES;
				CLANG_WARN_BLOCK_CAPTURE_AUTORELEASING = YES;
				CLANG_WARN_BOOL_CONVERSION = YES;
				CLANG_WARN_COMMA = YES;
				CLANG_WARN_CONSTANT_CONVERSION = YES;
				CLANG_WARN_DEPRECATED_OBJC_IMPLEMENTATIONS = YES;
				CLANG_WARN_DIRECT_OBJC_ISA_USAGE = YES_ERROR;
				CLANG_WARN_DOCUMENTATION_COMMENTS = YES;
				CLANG_WARN_EMPTY_BODY = YES;
				CLANG_WARN_ENUM_CONVERSION = YES;
				CLANG_WARN_INFINITE_RECURSION = YES;
				CLANG_WARN_INT_CONVERSION = YES;
				CLANG_WARN_NON_LITERAL_NULL_CONVERSION = YES;
				CLANG_WARN_OBJC_IMPLICIT_RETAIN_SELF = YES;
				CLANG_WARN_OBJC_LITERAL_CONVERSION = YES;
				CLANG_WARN_OBJC_ROOT_CLASS = YES_ERROR;
				CLANG_WARN_RANGE_LOOP_ANALYSIS = YES;
				CLANG_WARN_STRICT_PROTOTYPES = YES;
				CLANG_WARN_SUSPICIOUS_MOVE = YES;
				CLANG_WARN_UNGUARDED_AVAILABILITY = YES_AGGRESSIVE;
				CLANG_WARN_UNREACHABLE_CODE = YES;
				CLANG_WARN__DUPLICATE_METHOD_MATCH = YES;
				COPY_PHASE_STRIP = NO;
				DEBUG_INFORMATION_FORMAT = "dwarf-with-dsym";
				ENABLE_NS_ASSERTIONS = NO;
				ENABLE_STRICT_OBJC_MSGSEND = YES;
				GCC_C_LANGUAGE_STANDARD = gnu11;
				GCC_NO_COMMON_BLOCKS = YES;
				GCC_WARN_64_TO_32_BIT_CONVERSION = YES;
				GCC_WARN_ABOUT_RETURN_TYPE = YES_ERROR;
				GCC_WARN_UNDECLARED_SELECTOR = YES;
				GCC_WARN_UNINITIALIZED_AUTOS = YES_AGGRESSIVE;
				GCC_WARN_UNUSED_FUNCTION = YES;
				GCC_WARN_UNUSED_VARIABLE = YES;
				IPHONEOS_DEPLOYMENT_TARGET = 13.2;
				MTL_ENABLE_DEBUG_INFO = NO;
				MTL_FAST_MATH = YES;
				SDKROOT = iphoneos;
				SWIFT_COMPILATION_MODE = wholemodule;
				SWIFT_OPTIMIZATION_LEVEL = "-O";
				VALIDATE_PRODUCT = YES;
			};
			name = Release;
		};
		EDEE16DB24402152007A4BB2 /* Debug */ = {
			isa = XCBuildConfiguration;
			buildSettings = {
				ASSETCATALOG_COMPILER_APPICON_NAME = AppIcon;
				CODE_SIGN_STYLE = Automatic;
				DEVELOPMENT_TEAM = JZNN87YRMJ;
				INFOPLIST_FILE = MultitouchDemo/Info.plist;
				LD_RUNPATH_SEARCH_PATHS = (
					"$(inherited)",
					"@executable_path/Frameworks",
				);
				PRODUCT_BUNDLE_IDENTIFIER = com.viget.MultitouchDemo;
				PRODUCT_NAME = "$(TARGET_NAME)";
				SWIFT_VERSION = 5.0;
				TARGETED_DEVICE_FAMILY = "1,2";
			};
			name = Debug;
		};
		EDEE16DC24402152007A4BB2 /* Release */ = {
			isa = XCBuildConfiguration;
			buildSettings = {
				ASSETCATALOG_COMPILER_APPICON_NAME = AppIcon;
				CODE_SIGN_STYLE = Automatic;
				DEVELOPMENT_TEAM = JZNN87YRMJ;
				INFOPLIST_FILE = MultitouchDemo/Info.plist;
				LD_RUNPATH_SEARCH_PATHS = (
					"$(inherited)",
					"@executable_path/Frameworks",
				);
				PRODUCT_BUNDLE_IDENTIFIER = com.viget.MultitouchDemo;
				PRODUCT_NAME = "$(TARGET_NAME)";
				SWIFT_VERSION = 5.0;
				TARGETED_DEVICE_FAMILY = "1,2";
			};
			name = Release;
		};
/* End XCBuildConfiguration section */

/* Begin XCConfigurationList section */
		EDEE16C124402151007A4BB2 /* Build configuration list for PBXProject "MultitouchDemo" */ = {
			isa = XCConfigurationList;
			buildConfigurations = (
				EDEE16D824402152007A4BB2 /* Debug */,
				EDEE16D924402152007A4BB2 /* Release */,
			);
			defaultConfigurationIsVisible = 0;
			defaultConfigurationName = Release;
		};
		EDEE16DA24402152007A4BB2 /* Build configuration list for PBXNativeTarget "MultitouchDemo" */ = {
			isa = XCConfigurationList;
			buildConfigurations = (
				EDEE16DB24402152007A4BB2 /* Debug */,
				EDEE16DC24402152007A4BB2 /* Release */,
			);
			defaultConfigurationIsVisible = 0;
			defaultConfigurationName = Release;
		};
/* End XCConfigurationList section */
	};
	rootObject = EDEE16BE24402151007A4BB2 /* Project object */;
}
